github.com/y-du/go-env-loader v0.5.0 h1:qyjwYYsHj6nlYUWaPSW/PzyoOB2QwyL21JP2rt6MkBc=
github.com/y-du/go-env-loader v0.5.0/go.mod h1:SpA7QyUc4hztbbZ8INg/RP3saTEbHHhsNlR0Jmxu/rc=
github.com/y-du/go-log-level v0.2.2 h1:ezU/AMzXXt3yndB/PCFlNAZd9vHgmPLmmqImF5mEePo=
github.com/y-du/go-log-level v0.2.2/go.mod h1:h0g0vjThWO1jNO3x8/t/hRc6KY7TYcuwbi5FzrS7ots=
