github.com/y-du/go-env-loader v0.5.2 h1:LxubTfx7zl1VpBNzUQidSp3yub3/7mxMg63QSuRlhd4=
github.com/y-du/go-env-loader v0.5.2/go.mod h1:QBaFGtrTdp4eiMUjg9UFf1F3TzbEbUhWDeHYyEsqs8Y=
github.com/y-du/go-log-level v1.0.0 h1:Q4Ffqxmf/tn9DBbOMwcjEGkWwQyYMwPn+FR06k5HJ70=
github.com/y-du/go-log-level v1.0.0/go.mod h1:lhCvJlDCuSC9GfmtVDXuXc7lbbAd8igxl58qK8SjPX8=
