github.com/SENERGY-Platform/go-cc-job-handler v0.1.1 h1:GPCu5g1BJrsG43GCnSBqZn8sv5h1Do5m/aGd0tH+JRk=
github.com/SENERGY-Platform/go-cc-job-handler v0.1.1/go.mod h1:d6rFDQujHvp+tsUrlBOH0pavyicI079l6sUAFEOZRoE=
github.com/SENERGY-Platform/go-service-base/job-hdl/lib v0.0.1 h1:BJM43EjZepgExc68C/ADeAY8fKJRs709uN6P7AsSMK4=
github.com/SENERGY-Platform/go-service-base/job-hdl/lib v0.0.1/go.mod h1:jz80K3k0w45V8o2+jE4Flzxg2zydOkD9Dz40A8bgMvI=
github.com/google/uuid v1.3.1 h1:KjJaJ9iWZ3jOFZIf1Lqf4laDRCasjl0BCmnEGxkdLb4=
github.com/google/uuid v1.3.1/go.mod h1:TIyPZe4MgqvfeYDBFedMoGGpEw/LqOeaOT+nhxU+yHo=
github.com/google/uuid v1.4.0 h1:MtMxsa51/r9yyhkyLsVeVt0B+BGQZzpQiTQ4eHZ8bc4=
github.com/google/uuid v1.4.0/go.mod h1:TIyPZe4MgqvfeYDBFedMoGGpEw/LqOeaOT+nhxU+yHo=
