github.com/SENERGY-Platform/go-cc-job-handler v0.1.2 h1:Ly7lwoyVC3YUAZ38OOfrvGfE8gtJqnJnhw7OzWR+/0M=
github.com/SENERGY-Platform/go-cc-job-handler v0.1.2/go.mod h1:BH2fiuHGrY2OedQ598mildtGQPBgFEk6q+hOHNksra8=
github.com/SENERGY-Platform/go-service-base/job-hdl/lib v0.0.3 h1:7zh7sN0YoQiu1uzniXFoiT04dkmKYf4lus9hZmXm5j4=
github.com/SENERGY-Platform/go-service-base/job-hdl/lib v0.0.3/go.mod h1:jz80K3k0w45V8o2+jE4Flzxg2zydOkD9Dz40A8bgMvI=
github.com/google/uuid v1.6.0 h1:NIvaJDMOsjHA8n1jAhLSgzrAzy1Hgr+hNrb57e+94F0=
github.com/google/uuid v1.6.0/go.mod h1:TIyPZe4MgqvfeYDBFedMoGGpEw/LqOeaOT+nhxU+yHo=
